
Microsoft Visual Studio Solution File, Format Version 12.00
# Visual Studio Version 17
VisualStudioVersion = 17.11.35222.181
MinimumVisualStudioVersion = 10.0.40219.1
Project("{2150E333-8FDC-42A3-9474-1A3956D46DE8}") = "FrontEnd", "FrontEnd", "{2D71E5A1-3B6D-4F42-91F9-8A00BFAE3DBE}"
EndProject
Project("{FAE04EC0-301F-11D3-BF4B-00C04F79EFBC}") = "Mango.Web", "Mango.Web\Mango.Web.csproj", "{A5EBCABA-A3FB-4FB9-A08F-369FFFE180DD}"
EndProject
Project("{2150E333-8FDC-42A3-9474-1A3956D46DE8}") = "Services", "Services", "{2FAA8806-ECC1-4A63-A5B7-1662B44A1FB4}"
EndProject
Project("{FAE04EC0-301F-11D3-BF4B-00C04F79EFBC}") = "Mango.Services.ProductAPI", "Mango.Services.ProductAPI\Mango.Services.ProductAPI.csproj", "{E8D292CD-2981-4F66-9662-A70924BBE263}"
EndProject
Global
	GlobalSection(SolutionConfigurationPlatforms) = preSolution
		Debug|Any CPU = Debug|Any CPU
		Release|Any CPU = Release|Any CPU
	EndGlobalSection
	GlobalSection(ProjectConfigurationPlatforms) = postSolution
		{A5EBCABA-A3FB-4FB9-A08F-369FFFE180DD}.Debug|Any CPU.ActiveCfg = Debug|Any CPU
		{A5EBCABA-A3FB-4FB9-A08F-369FFFE180DD}.Debug|Any CPU.Build.0 = Debug|Any CPU
		{A5EBCABA-A3FB-4FB9-A08F-369FFFE180DD}.Release|Any CPU.ActiveCfg = Release|Any CPU
		{A5EBCABA-A3FB-4FB9-A08F-369FFFE180DD}.Release|Any CPU.Build.0 = Release|Any CPU
		{E8D292CD-2981-4F66-9662-A70924BBE263}.Debug|Any CPU.ActiveCfg = Debug|Any CPU
		{E8D292CD-2981-4F66-9662-A70924BBE263}.Debug|Any CPU.Build.0 = Debug|Any CPU
		{E8D292CD-2981-4F66-9662-A70924BBE263}.Release|Any CPU.ActiveCfg = Release|Any CPU
		{E8D292CD-2981-4F66-9662-A70924BBE263}.Release|Any CPU.Build.0 = Release|Any CPU
	EndGlobalSection
	GlobalSection(SolutionProperties) = preSolution
		HideSolutionNode = FALSE
	EndGlobalSection
	GlobalSection(NestedProjects) = preSolution
		{A5EBCABA-A3FB-4FB9-A08F-369FFFE180DD} = {2D71E5A1-3B6D-4F42-91F9-8A00BFAE3DBE}
		{E8D292CD-2981-4F66-9662-A70924BBE263} = {2FAA8806-ECC1-4A63-A5B7-1662B44A1FB4}
	EndGlobalSection
	GlobalSection(ExtensibilityGlobals) = postSolution
		SolutionGuid = {5FF0A393-C351-4E13-B240-5CDD7E8E68AB}
	EndGlobalSection
EndGlobal
